# This file is autogenerated, do not edit; changes may be undone by the next 'dep ensure'.


[[projects]]
  name = "github.com/fatih/color"
  packages = ["."]
  revision = "570b54cabe6b8eb0bc2dfce68d964677d63b5260"
  version = "v1.5.0"

[[projects]]
  name = "github.com/golang/protobuf"
  packages = [
    "jsonpb",
    "proto",
    "ptypes",
    "ptypes/any",
    "ptypes/duration",
    "ptypes/struct",
    "ptypes/timestamp"
  ]
  revision = "925541529c1fa6821df4e44ce2723319eb2be768"
  version = "v1.0.0"

[[projects]]
  branch = "better_docs"
  name = "github.com/grpc-ecosystem/go-grpc-middleware"
  packages = [
    ".",
    "logging",
    "logging/zap",
    "tags"
  ]
  revision = "63e69ea2fcaa6764e67826381756e528db9203ab"

[[projects]]
  branch = "master"
  name = "github.com/hokaccha/go-prettyjson"
  packages = ["."]
  revision = "e6b9231a2b1cc5798b336fdbf99c16cd8ad1e0c9"

[[projects]]
  branch = "master"
  name = "github.com/kisielk/errcheck"
  packages = [
    ".",
    "internal/errcheck"
  ]
  revision = "b1445a9dd8285a50c6d1661d16f0a9ceb08125f7"

[[projects]]
  branch = "master"
  name = "github.com/kisielk/gotool"
  packages = [
    ".",
    "internal/load"
  ]
  revision = "d6ce6262d87e3a4e153e86023ff56ae771554a41"

[[projects]]
  name = "github.com/mattn/go-colorable"
  packages = ["."]
  revision = "167de6bfdfba052fa6b2d3664c8f5272e23c9072"
  version = "v0.0.9"

[[projects]]
  name = "github.com/mattn/go-isatty"
  packages = ["."]
  revision = "0360b2af4f38e8d38c7fce2a9f4e702702d73a39"
  version = "v0.0.3"

[[projects]]
  name = "github.com/pkg/errors"
  packages = ["."]
  revision = "645ef00459ed84a119197bfb8d8205042c6df63d"
  version = "v0.8.0"

[[projects]]
  name = "go.uber.org/atomic"
  packages = ["."]
  revision = "8474b86a5a6f79c443ce4b2992817ff32cf208b8"
  version = "v1.3.1"

[[projects]]
  name = "go.uber.org/multierr"
  packages = ["."]
  revision = "3c4937480c32f4c13a875a1829af76c98ca3d40a"
  version = "v1.1.0"

[[projects]]
  branch = "master"
  name = "go.uber.org/zap"
  packages = [
    ".",
    "buffer",
    "internal/bufferpool",
    "internal/color",
    "internal/exit",
    "zapcore"
  ]
  revision = "f85c78b1dd998214c5f2138155b320a4a43fbe36"

[[projects]]
  branch = "master"
  name = "golang.org/x/net"
  packages = [
    "context",
    "http2",
    "http2/hpack",
    "idna",
    "internal/timeseries",
    "lex/httplex",
    "trace"
  ]
  revision = "f5dfe339be1d06f81b22525fe34671ee7d2c8904"

[[projects]]
  branch = "master"
  name = "golang.org/x/sys"
  packages = ["unix"]
  revision = "37707fdb30a5b38865cfb95e5aab41707daec7fd"

[[projects]]
  branch = "master"
  name = "golang.org/x/text"
  packages = [
    "collate",
    "collate/build",
    "internal/colltab",
    "internal/gen",
    "internal/tag",
    "internal/triegen",
    "internal/ucd",
    "language",
    "secure/bidirule",
    "transform",
    "unicode/bidi",
    "unicode/cldr",
    "unicode/norm",
    "unicode/rangetable"
  ]
  revision = "4e4a3210bb54bb31f6ab2cdca2edcc0b50c420c1"

[[projects]]
  branch = "master"
  name = "golang.org/x/tools"
  packages = [
    "cmd/goimports",
    "go/ast/astutil",
    "go/buildutil",
    "go/loader",
    "go/types/typeutil",
    "imports"
  ]
  revision = "95b47aa5df4eda9bfbc0133f77c0e320f0275eba"

[[projects]]
  branch = "master"
  name = "gonum.org/v1/gonum"
  packages = [
    "graph/formats/dot",
    "graph/formats/dot/ast",
    "graph/formats/dot/internal/astx",
    "graph/formats/dot/internal/errors",
    "graph/formats/dot/internal/lexer",
    "graph/formats/dot/internal/parser",
    "graph/formats/dot/internal/token"
  ]
  revision = "996b88e8f8941c9defdbb338bea5e239a230e742"

[[projects]]
  branch = "master"
  name = "google.golang.org/genproto"
  packages = ["googleapis/rpc/status"]
  revision = "2b5a72b8730b0b16380010cfe5286c42108d88e7"

[[projects]]
  name = "google.golang.org/grpc"
  packages = [
    ".",
    "balancer",
    "balancer/base",
    "balancer/roundrobin",
    "codes",
    "connectivity",
    "credentials",
    "encoding",
    "grpclb/grpc_lb_v1/messages",
    "grpclog",
    "internal",
    "keepalive",
    "metadata",
    "naming",
    "peer",
    "resolver",
    "resolver/dns",
    "resolver/passthrough",
    "stats",
    "status",
    "tap",
    "transport"
  ]
  revision = "6b51017f791ae1cfbec89c52efdf444b13b550ef"
  version = "v1.9.2"

[[projects]]
  branch = "master"
  name = "honnef.co/go/tools"
  packages = [
    "callgraph",
    "callgraph/static",
    "cmd/megacheck",
    "deprecated",
    "functions",
    "internal/sharedcheck",
    "lint",
    "lint/lintutil",
    "simple",
    "ssa",
    "ssa/ssautil",
    "staticcheck",
    "staticcheck/vrp",
    "unused",
    "version"
  ]
  revision = "8ed405e85c65fb38745a8eafe01ee9590523f172"

[solve-meta]
  analyzer-name = "dep"
  analyzer-version = 1
  inputs-digest = "2e032115dd1f6b647af00f1443f3a10b61dea2164052e84b174cdc4d236fd64e"
  solver-name = "gps-cdcl"
  solver-version = 1
